
Microsoft Visual Studio Solution File, Format Version 12.00
# Visual Studio 14
VisualStudioVersion = 14.0.25420.1
MinimumVisualStudioVersion = 10.0.40219.1
Project("{FAE04EC0-301F-11D3-BF4B-00C04F79EFBC}") = "Money", "Money\Money.csproj", "{EFE22A93-8B4E-4D41-8C04-9E26B19C94D7}"
EndProject
Project("{FAE04EC0-301F-11D3-BF4B-00C04F79EFBC}") = "Harvest", "Harvest\Harvest.csproj", "{9B2A37F2-5272-474C-B901-42CBCF0E331E}"
EndProject
Project("{FAE04EC0-301F-11D3-BF4B-00C04F79EFBC}") = "matchTickets", "matchTickets\matchTickets.csproj", "{0BFFD5DE-6F14-46A7-A1B8-0E48106C7021}"
EndProject
Project("{FAE04EC0-301F-11D3-BF4B-00C04F79EFBC}") = "BackInThePast", "BackInThePast\BackInThePast.csproj", "{87B21A4D-5FFE-4BDC-B302-70B9547652EB}"
EndProject
Project("{FAE04EC0-301F-11D3-BF4B-00C04F79EFBC}") = "Diamond", "Diamond\Diamond.csproj", "{3E16EE0D-A7FC-4078-85ED-0D45BA062574}"
EndProject
Project("{FAE04EC0-301F-11D3-BF4B-00C04F79EFBC}") = "StopNumber", "StopNumber\StopNumber.csproj", "{954C3D23-8701-41AD-930B-7776C33A945F}"
EndProject
Global
	GlobalSection(SolutionConfigurationPlatforms) = preSolution
		Debug|Any CPU = Debug|Any CPU
		Release|Any CPU = Release|Any CPU
	EndGlobalSection
	GlobalSection(ProjectConfigurationPlatforms) = postSolution
		{EFE22A93-8B4E-4D41-8C04-9E26B19C94D7}.Debug|Any CPU.ActiveCfg = Debug|Any CPU
		{EFE22A93-8B4E-4D41-8C04-9E26B19C94D7}.Debug|Any CPU.Build.0 = Debug|Any CPU
		{EFE22A93-8B4E-4D41-8C04-9E26B19C94D7}.Release|Any CPU.ActiveCfg = Release|Any CPU
		{EFE22A93-8B4E-4D41-8C04-9E26B19C94D7}.Release|Any CPU.Build.0 = Release|Any CPU
		{9B2A37F2-5272-474C-B901-42CBCF0E331E}.Debug|Any CPU.ActiveCfg = Debug|Any CPU
		{9B2A37F2-5272-474C-B901-42CBCF0E331E}.Debug|Any CPU.Build.0 = Debug|Any CPU
		{9B2A37F2-5272-474C-B901-42CBCF0E331E}.Release|Any CPU.ActiveCfg = Release|Any CPU
		{9B2A37F2-5272-474C-B901-42CBCF0E331E}.Release|Any CPU.Build.0 = Release|Any CPU
		{0BFFD5DE-6F14-46A7-A1B8-0E48106C7021}.Debug|Any CPU.ActiveCfg = Debug|Any CPU
		{0BFFD5DE-6F14-46A7-A1B8-0E48106C7021}.Debug|Any CPU.Build.0 = Debug|Any CPU
		{0BFFD5DE-6F14-46A7-A1B8-0E48106C7021}.Release|Any CPU.ActiveCfg = Release|Any CPU
		{0BFFD5DE-6F14-46A7-A1B8-0E48106C7021}.Release|Any CPU.Build.0 = Release|Any CPU
		{87B21A4D-5FFE-4BDC-B302-70B9547652EB}.Debug|Any CPU.ActiveCfg = Debug|Any CPU
		{87B21A4D-5FFE-4BDC-B302-70B9547652EB}.Debug|Any CPU.Build.0 = Debug|Any CPU
		{87B21A4D-5FFE-4BDC-B302-70B9547652EB}.Release|Any CPU.ActiveCfg = Release|Any CPU
		{87B21A4D-5FFE-4BDC-B302-70B9547652EB}.Release|Any CPU.Build.0 = Release|Any CPU
		{3E16EE0D-A7FC-4078-85ED-0D45BA062574}.Debug|Any CPU.ActiveCfg = Debug|Any CPU
		{3E16EE0D-A7FC-4078-85ED-0D45BA062574}.Debug|Any CPU.Build.0 = Debug|Any CPU
		{3E16EE0D-A7FC-4078-85ED-0D45BA062574}.Release|Any CPU.ActiveCfg = Release|Any CPU
		{3E16EE0D-A7FC-4078-85ED-0D45BA062574}.Release|Any CPU.Build.0 = Release|Any CPU
		{954C3D23-8701-41AD-930B-7776C33A945F}.Debug|Any CPU.ActiveCfg = Debug|Any CPU
		{954C3D23-8701-41AD-930B-7776C33A945F}.Debug|Any CPU.Build.0 = Debug|Any CPU
		{954C3D23-8701-41AD-930B-7776C33A945F}.Release|Any CPU.ActiveCfg = Release|Any CPU
		{954C3D23-8701-41AD-930B-7776C33A945F}.Release|Any CPU.Build.0 = Release|Any CPU
	EndGlobalSection
	GlobalSection(SolutionProperties) = preSolution
		HideSolutionNode = FALSE
	EndGlobalSection
EndGlobal
