
Microsoft Visual Studio Solution File, Format Version 12.00
# Visual Studio 14
VisualStudioVersion = 14.0.25420.1
MinimumVisualStudioVersion = 10.0.40219.1
Project("{FAE04EC0-301F-11D3-BF4B-00C04F79EFBC}") = "squareArea", "squareArea\squareArea.csproj", "{01F5EC48-54E5-4991-820A-1A4FE1A42EB2}"
EndProject
Project("{FAE04EC0-301F-11D3-BF4B-00C04F79EFBC}") = "inchesToSantimetres", "inchesToSantimetres\inchesToSantimetres.csproj", "{012CE4F3-6C52-4A72-A621-0599AC7CBFC4}"
EndProject
Project("{FAE04EC0-301F-11D3-BF4B-00C04F79EFBC}") = "GreetingByName", "GreetingByName\GreetingByName.csproj", "{6692E1FA-44BD-4844-B53C-BC34FE741CAC}"
EndProject
Project("{FAE04EC0-301F-11D3-BF4B-00C04F79EFBC}") = "ConcatenateData", "ConcatenateData\ConcatenateData.csproj", "{917401EF-4743-4837-AE01-EC24A2A01DD2}"
EndProject
Project("{FAE04EC0-301F-11D3-BF4B-00C04F79EFBC}") = "trapeziumArea", "trapeziumArea\trapeziumArea.csproj", "{75C90168-78A0-4A48-8846-7EB2DDDD453B}"
EndProject
Project("{FAE04EC0-301F-11D3-BF4B-00C04F79EFBC}") = "TrapezArea", "TrapezArea\TrapezArea.csproj", "{A104F765-CAA5-4EBE-8B9E-2C8D88284147}"
EndProject
Project("{FAE04EC0-301F-11D3-BF4B-00C04F79EFBC}") = "CircleArea", "CircleArea\CircleArea.csproj", "{712D30FD-B18B-4501-99BD-D2D16C76B78E}"
EndProject
Project("{FAE04EC0-301F-11D3-BF4B-00C04F79EFBC}") = "RectangleArea", "RectangleArea\RectangleArea.csproj", "{64CA0A30-1BDC-490F-8B49-126297806D0F}"
EndProject
Global
	GlobalSection(SolutionConfigurationPlatforms) = preSolution
		Debug|Any CPU = Debug|Any CPU
		Release|Any CPU = Release|Any CPU
	EndGlobalSection
	GlobalSection(ProjectConfigurationPlatforms) = postSolution
		{01F5EC48-54E5-4991-820A-1A4FE1A42EB2}.Debug|Any CPU.ActiveCfg = Debug|Any CPU
		{01F5EC48-54E5-4991-820A-1A4FE1A42EB2}.Debug|Any CPU.Build.0 = Debug|Any CPU
		{01F5EC48-54E5-4991-820A-1A4FE1A42EB2}.Release|Any CPU.ActiveCfg = Release|Any CPU
		{01F5EC48-54E5-4991-820A-1A4FE1A42EB2}.Release|Any CPU.Build.0 = Release|Any CPU
		{012CE4F3-6C52-4A72-A621-0599AC7CBFC4}.Debug|Any CPU.ActiveCfg = Debug|Any CPU
		{012CE4F3-6C52-4A72-A621-0599AC7CBFC4}.Debug|Any CPU.Build.0 = Debug|Any CPU
		{012CE4F3-6C52-4A72-A621-0599AC7CBFC4}.Release|Any CPU.ActiveCfg = Release|Any CPU
		{012CE4F3-6C52-4A72-A621-0599AC7CBFC4}.Release|Any CPU.Build.0 = Release|Any CPU
		{6692E1FA-44BD-4844-B53C-BC34FE741CAC}.Debug|Any CPU.ActiveCfg = Debug|Any CPU
		{6692E1FA-44BD-4844-B53C-BC34FE741CAC}.Debug|Any CPU.Build.0 = Debug|Any CPU
		{6692E1FA-44BD-4844-B53C-BC34FE741CAC}.Release|Any CPU.ActiveCfg = Release|Any CPU
		{6692E1FA-44BD-4844-B53C-BC34FE741CAC}.Release|Any CPU.Build.0 = Release|Any CPU
		{917401EF-4743-4837-AE01-EC24A2A01DD2}.Debug|Any CPU.ActiveCfg = Debug|Any CPU
		{917401EF-4743-4837-AE01-EC24A2A01DD2}.Debug|Any CPU.Build.0 = Debug|Any CPU
		{917401EF-4743-4837-AE01-EC24A2A01DD2}.Release|Any CPU.ActiveCfg = Release|Any CPU
		{917401EF-4743-4837-AE01-EC24A2A01DD2}.Release|Any CPU.Build.0 = Release|Any CPU
		{75C90168-78A0-4A48-8846-7EB2DDDD453B}.Debug|Any CPU.ActiveCfg = Debug|Any CPU
		{75C90168-78A0-4A48-8846-7EB2DDDD453B}.Debug|Any CPU.Build.0 = Debug|Any CPU
		{75C90168-78A0-4A48-8846-7EB2DDDD453B}.Release|Any CPU.ActiveCfg = Release|Any CPU
		{75C90168-78A0-4A48-8846-7EB2DDDD453B}.Release|Any CPU.Build.0 = Release|Any CPU
		{A104F765-CAA5-4EBE-8B9E-2C8D88284147}.Debug|Any CPU.ActiveCfg = Debug|Any CPU
		{A104F765-CAA5-4EBE-8B9E-2C8D88284147}.Debug|Any CPU.Build.0 = Debug|Any CPU
		{A104F765-CAA5-4EBE-8B9E-2C8D88284147}.Release|Any CPU.ActiveCfg = Release|Any CPU
		{A104F765-CAA5-4EBE-8B9E-2C8D88284147}.Release|Any CPU.Build.0 = Release|Any CPU
		{712D30FD-B18B-4501-99BD-D2D16C76B78E}.Debug|Any CPU.ActiveCfg = Debug|Any CPU
		{712D30FD-B18B-4501-99BD-D2D16C76B78E}.Debug|Any CPU.Build.0 = Debug|Any CPU
		{712D30FD-B18B-4501-99BD-D2D16C76B78E}.Release|Any CPU.ActiveCfg = Release|Any CPU
		{712D30FD-B18B-4501-99BD-D2D16C76B78E}.Release|Any CPU.Build.0 = Release|Any CPU
		{64CA0A30-1BDC-490F-8B49-126297806D0F}.Debug|Any CPU.ActiveCfg = Debug|Any CPU
		{64CA0A30-1BDC-490F-8B49-126297806D0F}.Debug|Any CPU.Build.0 = Debug|Any CPU
		{64CA0A30-1BDC-490F-8B49-126297806D0F}.Release|Any CPU.ActiveCfg = Release|Any CPU
		{64CA0A30-1BDC-490F-8B49-126297806D0F}.Release|Any CPU.Build.0 = Release|Any CPU
	EndGlobalSection
	GlobalSection(SolutionProperties) = preSolution
		HideSolutionNode = FALSE
	EndGlobalSection
EndGlobal
