
Microsoft Visual Studio Solution File, Format Version 12.00
# Visual Studio 14
VisualStudioVersion = 14.0.25420.1
MinimumVisualStudioVersion = 10.0.40219.1
Project("{FAE04EC0-301F-11D3-BF4B-00C04F79EFBC}") = "28.08.2016", "28.08.2016\28.08.2016.csproj", "{6B5A3E3F-5CA6-484F-9A15-2D4DB0EEFC4B}"
EndProject
Project("{FAE04EC0-301F-11D3-BF4B-00C04F79EFBC}") = "dayWin", "dayWin\dayWin.csproj", "{7A60B89C-BEF5-48E2-80BC-D5E871211B05}"
EndProject
Project("{FAE04EC0-301F-11D3-BF4B-00C04F79EFBC}") = "Firm", "Firm\Firm.csproj", "{8F3462EA-0F3A-4B2D-98E2-06012B63D62C}"
EndProject
Project("{FAE04EC0-301F-11D3-BF4B-00C04F79EFBC}") = "hotelRoom", "hotelRoom\hotelRoom.csproj", "{2DF65770-B278-4E50-A21F-05B1B1B93414}"
EndProject
Project("{FAE04EC0-301F-11D3-BF4B-00C04F79EFBC}") = "Hospital", "Hospital\Hospital.csproj", "{1E9CD1A1-F260-4A37-93B7-7A463C01CCC6}"
EndProject
Project("{FAE04EC0-301F-11D3-BF4B-00C04F79EFBC}") = "Axe", "Axe\Axe.csproj", "{77A63387-6F41-4C86-B826-DBE28FC1FE69}"
EndProject
Project("{FAE04EC0-301F-11D3-BF4B-00C04F79EFBC}") = "digits", "digits\digits.csproj", "{E1BAA804-772C-4B04-B29F-A6EBB6D3F37E}"
EndProject
Global
	GlobalSection(SolutionConfigurationPlatforms) = preSolution
		Debug|Any CPU = Debug|Any CPU
		Release|Any CPU = Release|Any CPU
	EndGlobalSection
	GlobalSection(ProjectConfigurationPlatforms) = postSolution
		{6B5A3E3F-5CA6-484F-9A15-2D4DB0EEFC4B}.Debug|Any CPU.ActiveCfg = Debug|Any CPU
		{6B5A3E3F-5CA6-484F-9A15-2D4DB0EEFC4B}.Debug|Any CPU.Build.0 = Debug|Any CPU
		{6B5A3E3F-5CA6-484F-9A15-2D4DB0EEFC4B}.Release|Any CPU.ActiveCfg = Release|Any CPU
		{6B5A3E3F-5CA6-484F-9A15-2D4DB0EEFC4B}.Release|Any CPU.Build.0 = Release|Any CPU
		{7A60B89C-BEF5-48E2-80BC-D5E871211B05}.Debug|Any CPU.ActiveCfg = Debug|Any CPU
		{7A60B89C-BEF5-48E2-80BC-D5E871211B05}.Debug|Any CPU.Build.0 = Debug|Any CPU
		{7A60B89C-BEF5-48E2-80BC-D5E871211B05}.Release|Any CPU.ActiveCfg = Release|Any CPU
		{7A60B89C-BEF5-48E2-80BC-D5E871211B05}.Release|Any CPU.Build.0 = Release|Any CPU
		{8F3462EA-0F3A-4B2D-98E2-06012B63D62C}.Debug|Any CPU.ActiveCfg = Debug|Any CPU
		{8F3462EA-0F3A-4B2D-98E2-06012B63D62C}.Debug|Any CPU.Build.0 = Debug|Any CPU
		{8F3462EA-0F3A-4B2D-98E2-06012B63D62C}.Release|Any CPU.ActiveCfg = Release|Any CPU
		{8F3462EA-0F3A-4B2D-98E2-06012B63D62C}.Release|Any CPU.Build.0 = Release|Any CPU
		{2DF65770-B278-4E50-A21F-05B1B1B93414}.Debug|Any CPU.ActiveCfg = Debug|Any CPU
		{2DF65770-B278-4E50-A21F-05B1B1B93414}.Debug|Any CPU.Build.0 = Debug|Any CPU
		{2DF65770-B278-4E50-A21F-05B1B1B93414}.Release|Any CPU.ActiveCfg = Release|Any CPU
		{2DF65770-B278-4E50-A21F-05B1B1B93414}.Release|Any CPU.Build.0 = Release|Any CPU
		{1E9CD1A1-F260-4A37-93B7-7A463C01CCC6}.Debug|Any CPU.ActiveCfg = Debug|Any CPU
		{1E9CD1A1-F260-4A37-93B7-7A463C01CCC6}.Debug|Any CPU.Build.0 = Debug|Any CPU
		{1E9CD1A1-F260-4A37-93B7-7A463C01CCC6}.Release|Any CPU.ActiveCfg = Release|Any CPU
		{1E9CD1A1-F260-4A37-93B7-7A463C01CCC6}.Release|Any CPU.Build.0 = Release|Any CPU
		{77A63387-6F41-4C86-B826-DBE28FC1FE69}.Debug|Any CPU.ActiveCfg = Debug|Any CPU
		{77A63387-6F41-4C86-B826-DBE28FC1FE69}.Debug|Any CPU.Build.0 = Debug|Any CPU
		{77A63387-6F41-4C86-B826-DBE28FC1FE69}.Release|Any CPU.ActiveCfg = Release|Any CPU
		{77A63387-6F41-4C86-B826-DBE28FC1FE69}.Release|Any CPU.Build.0 = Release|Any CPU
		{E1BAA804-772C-4B04-B29F-A6EBB6D3F37E}.Debug|Any CPU.ActiveCfg = Debug|Any CPU
		{E1BAA804-772C-4B04-B29F-A6EBB6D3F37E}.Debug|Any CPU.Build.0 = Debug|Any CPU
		{E1BAA804-772C-4B04-B29F-A6EBB6D3F37E}.Release|Any CPU.ActiveCfg = Release|Any CPU
		{E1BAA804-772C-4B04-B29F-A6EBB6D3F37E}.Release|Any CPU.Build.0 = Release|Any CPU
	EndGlobalSection
	GlobalSection(SolutionProperties) = preSolution
		HideSolutionNode = FALSE
	EndGlobalSection
EndGlobal
