
Microsoft Visual Studio Solution File, Format Version 12.00
# Visual Studio 14
VisualStudioVersion = 14.0.25420.1
MinimumVisualStudioVersion = 10.0.40219.1
Project("{FAE04EC0-301F-11D3-BF4B-00C04F79EFBC}") = "VegetableMarket", "VegetableMarket\VegetableMarket.csproj", "{3D70D0DB-E287-4DAC-A02D-8617E9053101}"
EndProject
Project("{FAE04EC0-301F-11D3-BF4B-00C04F79EFBC}") = "RemontNaPlochki", "RemontNaPlochki\RemontNaPlochki.csproj", "{C1E939AB-0341-4EEE-81A0-F31B47581809}"
EndProject
Global
	GlobalSection(SolutionConfigurationPlatforms) = preSolution
		Debug|Any CPU = Debug|Any CPU
		Release|Any CPU = Release|Any CPU
	EndGlobalSection
	GlobalSection(ProjectConfigurationPlatforms) = postSolution
		{3D70D0DB-E287-4DAC-A02D-8617E9053101}.Debug|Any CPU.ActiveCfg = Debug|Any CPU
		{3D70D0DB-E287-4DAC-A02D-8617E9053101}.Debug|Any CPU.Build.0 = Debug|Any CPU
		{3D70D0DB-E287-4DAC-A02D-8617E9053101}.Release|Any CPU.ActiveCfg = Release|Any CPU
		{3D70D0DB-E287-4DAC-A02D-8617E9053101}.Release|Any CPU.Build.0 = Release|Any CPU
		{C1E939AB-0341-4EEE-81A0-F31B47581809}.Debug|Any CPU.ActiveCfg = Debug|Any CPU
		{C1E939AB-0341-4EEE-81A0-F31B47581809}.Debug|Any CPU.Build.0 = Debug|Any CPU
		{C1E939AB-0341-4EEE-81A0-F31B47581809}.Release|Any CPU.ActiveCfg = Release|Any CPU
		{C1E939AB-0341-4EEE-81A0-F31B47581809}.Release|Any CPU.Build.0 = Release|Any CPU
	EndGlobalSection
	GlobalSection(SolutionProperties) = preSolution
		HideSolutionNode = FALSE
	EndGlobalSection
EndGlobal
